
Microsoft Visual Studio Solution File, Format Version 12.00
# Visual Studio Version 16
VisualStudioVersion = 16.0.31019.35
MinimumVisualStudioVersion = 10.0.40219.1
Project("{FAE04EC0-301F-11D3-BF4B-00C04F79EFBC}") = "Random Experiment WPF", "Random Experiment WPF\Random Experiment WPF.csproj", "{6CE96BC6-C863-4471-8D5B-7E3C106AA64B}"
EndProject
Project("{FAE04EC0-301F-11D3-BF4B-00C04F79EFBC}") = "Random Experiment Server", "Random Experiment Server\Random Experiment Server.csproj", "{0D96FD38-CD30-4D6F-A16A-2C6E60AC8FF5}"
EndProject
Project("{C7167F0D-BC9F-4E6E-AFE1-012C56B48DB5}") = "random_experiment_package", "random_experiment_package\random_experiment_package.wapproj", "{517FBD1C-CD0B-4379-9867-5BD7AD396CD7}"
EndProject
Global
	GlobalSection(SolutionConfigurationPlatforms) = preSolution
		Debug|Any CPU = Debug|Any CPU
		Debug|ARM = Debug|ARM
		Debug|ARM64 = Debug|ARM64
		Debug|x64 = Debug|x64
		Debug|x86 = Debug|x86
		Release|Any CPU = Release|Any CPU
		Release|ARM = Release|ARM
		Release|ARM64 = Release|ARM64
		Release|x64 = Release|x64
		Release|x86 = Release|x86
	EndGlobalSection
	GlobalSection(ProjectConfigurationPlatforms) = postSolution
		{6CE96BC6-C863-4471-8D5B-7E3C106AA64B}.Debug|Any CPU.ActiveCfg = Debug|Any CPU
		{6CE96BC6-C863-4471-8D5B-7E3C106AA64B}.Debug|Any CPU.Build.0 = Debug|Any CPU
		{6CE96BC6-C863-4471-8D5B-7E3C106AA64B}.Debug|ARM.ActiveCfg = Debug|Any CPU
		{6CE96BC6-C863-4471-8D5B-7E3C106AA64B}.Debug|ARM.Build.0 = Debug|Any CPU
		{6CE96BC6-C863-4471-8D5B-7E3C106AA64B}.Debug|ARM64.ActiveCfg = Debug|Any CPU
		{6CE96BC6-C863-4471-8D5B-7E3C106AA64B}.Debug|ARM64.Build.0 = Debug|Any CPU
		{6CE96BC6-C863-4471-8D5B-7E3C106AA64B}.Debug|x64.ActiveCfg = Debug|Any CPU
		{6CE96BC6-C863-4471-8D5B-7E3C106AA64B}.Debug|x64.Build.0 = Debug|Any CPU
		{6CE96BC6-C863-4471-8D5B-7E3C106AA64B}.Debug|x86.ActiveCfg = Debug|Any CPU
		{6CE96BC6-C863-4471-8D5B-7E3C106AA64B}.Debug|x86.Build.0 = Debug|Any CPU
		{6CE96BC6-C863-4471-8D5B-7E3C106AA64B}.Release|Any CPU.ActiveCfg = Release|Any CPU
		{6CE96BC6-C863-4471-8D5B-7E3C106AA64B}.Release|Any CPU.Build.0 = Release|Any CPU
		{6CE96BC6-C863-4471-8D5B-7E3C106AA64B}.Release|ARM.ActiveCfg = Release|Any CPU
		{6CE96BC6-C863-4471-8D5B-7E3C106AA64B}.Release|ARM.Build.0 = Release|Any CPU
		{6CE96BC6-C863-4471-8D5B-7E3C106AA64B}.Release|ARM64.ActiveCfg = Release|Any CPU
		{6CE96BC6-C863-4471-8D5B-7E3C106AA64B}.Release|ARM64.Build.0 = Release|Any CPU
		{6CE96BC6-C863-4471-8D5B-7E3C106AA64B}.Release|x64.ActiveCfg = Release|Any CPU
		{6CE96BC6-C863-4471-8D5B-7E3C106AA64B}.Release|x64.Build.0 = Release|Any CPU
		{6CE96BC6-C863-4471-8D5B-7E3C106AA64B}.Release|x86.ActiveCfg = Release|Any CPU
		{6CE96BC6-C863-4471-8D5B-7E3C106AA64B}.Release|x86.Build.0 = Release|Any CPU
		{0D96FD38-CD30-4D6F-A16A-2C6E60AC8FF5}.Debug|Any CPU.ActiveCfg = Debug|Any CPU
		{0D96FD38-CD30-4D6F-A16A-2C6E60AC8FF5}.Debug|Any CPU.Build.0 = Debug|Any CPU
		{0D96FD38-CD30-4D6F-A16A-2C6E60AC8FF5}.Debug|ARM.ActiveCfg = Debug|Any CPU
		{0D96FD38-CD30-4D6F-A16A-2C6E60AC8FF5}.Debug|ARM.Build.0 = Debug|Any CPU
		{0D96FD38-CD30-4D6F-A16A-2C6E60AC8FF5}.Debug|ARM64.ActiveCfg = Debug|Any CPU
		{0D96FD38-CD30-4D6F-A16A-2C6E60AC8FF5}.Debug|ARM64.Build.0 = Debug|Any CPU
		{0D96FD38-CD30-4D6F-A16A-2C6E60AC8FF5}.Debug|x64.ActiveCfg = Debug|Any CPU
		{0D96FD38-CD30-4D6F-A16A-2C6E60AC8FF5}.Debug|x64.Build.0 = Debug|Any CPU
		{0D96FD38-CD30-4D6F-A16A-2C6E60AC8FF5}.Debug|x86.ActiveCfg = Debug|Any CPU
		{0D96FD38-CD30-4D6F-A16A-2C6E60AC8FF5}.Debug|x86.Build.0 = Debug|Any CPU
		{0D96FD38-CD30-4D6F-A16A-2C6E60AC8FF5}.Release|Any CPU.ActiveCfg = Release|Any CPU
		{0D96FD38-CD30-4D6F-A16A-2C6E60AC8FF5}.Release|Any CPU.Build.0 = Release|Any CPU
		{0D96FD38-CD30-4D6F-A16A-2C6E60AC8FF5}.Release|ARM.ActiveCfg = Release|Any CPU
		{0D96FD38-CD30-4D6F-A16A-2C6E60AC8FF5}.Release|ARM.Build.0 = Release|Any CPU
		{0D96FD38-CD30-4D6F-A16A-2C6E60AC8FF5}.Release|ARM64.ActiveCfg = Release|Any CPU
		{0D96FD38-CD30-4D6F-A16A-2C6E60AC8FF5}.Release|ARM64.Build.0 = Release|Any CPU
		{0D96FD38-CD30-4D6F-A16A-2C6E60AC8FF5}.Release|x64.ActiveCfg = Release|Any CPU
		{0D96FD38-CD30-4D6F-A16A-2C6E60AC8FF5}.Release|x64.Build.0 = Release|Any CPU
		{0D96FD38-CD30-4D6F-A16A-2C6E60AC8FF5}.Release|x86.ActiveCfg = Release|Any CPU
		{0D96FD38-CD30-4D6F-A16A-2C6E60AC8FF5}.Release|x86.Build.0 = Release|Any CPU
		{517FBD1C-CD0B-4379-9867-5BD7AD396CD7}.Debug|Any CPU.ActiveCfg = Debug|Any CPU
		{517FBD1C-CD0B-4379-9867-5BD7AD396CD7}.Debug|Any CPU.Build.0 = Debug|Any CPU
		{517FBD1C-CD0B-4379-9867-5BD7AD396CD7}.Debug|Any CPU.Deploy.0 = Debug|Any CPU
		{517FBD1C-CD0B-4379-9867-5BD7AD396CD7}.Debug|ARM.ActiveCfg = Debug|ARM
		{517FBD1C-CD0B-4379-9867-5BD7AD396CD7}.Debug|ARM.Build.0 = Debug|ARM
		{517FBD1C-CD0B-4379-9867-5BD7AD396CD7}.Debug|ARM.Deploy.0 = Debug|ARM
		{517FBD1C-CD0B-4379-9867-5BD7AD396CD7}.Debug|ARM64.ActiveCfg = Debug|ARM64
		{517FBD1C-CD0B-4379-9867-5BD7AD396CD7}.Debug|ARM64.Build.0 = Debug|ARM64
		{517FBD1C-CD0B-4379-9867-5BD7AD396CD7}.Debug|ARM64.Deploy.0 = Debug|ARM64
		{517FBD1C-CD0B-4379-9867-5BD7AD396CD7}.Debug|x64.ActiveCfg = Debug|x64
		{517FBD1C-CD0B-4379-9867-5BD7AD396CD7}.Debug|x64.Build.0 = Debug|x64
		{517FBD1C-CD0B-4379-9867-5BD7AD396CD7}.Debug|x64.Deploy.0 = Debug|x64
		{517FBD1C-CD0B-4379-9867-5BD7AD396CD7}.Debug|x86.ActiveCfg = Debug|x86
		{517FBD1C-CD0B-4379-9867-5BD7AD396CD7}.Debug|x86.Build.0 = Debug|x86
		{517FBD1C-CD0B-4379-9867-5BD7AD396CD7}.Debug|x86.Deploy.0 = Debug|x86
		{517FBD1C-CD0B-4379-9867-5BD7AD396CD7}.Release|Any CPU.ActiveCfg = Release|Any CPU
		{517FBD1C-CD0B-4379-9867-5BD7AD396CD7}.Release|Any CPU.Build.0 = Release|Any CPU
		{517FBD1C-CD0B-4379-9867-5BD7AD396CD7}.Release|Any CPU.Deploy.0 = Release|Any CPU
		{517FBD1C-CD0B-4379-9867-5BD7AD396CD7}.Release|ARM.ActiveCfg = Release|ARM
		{517FBD1C-CD0B-4379-9867-5BD7AD396CD7}.Release|ARM.Build.0 = Release|ARM
		{517FBD1C-CD0B-4379-9867-5BD7AD396CD7}.Release|ARM.Deploy.0 = Release|ARM
		{517FBD1C-CD0B-4379-9867-5BD7AD396CD7}.Release|ARM64.ActiveCfg = Release|ARM64
		{517FBD1C-CD0B-4379-9867-5BD7AD396CD7}.Release|ARM64.Build.0 = Release|ARM64
		{517FBD1C-CD0B-4379-9867-5BD7AD396CD7}.Release|ARM64.Deploy.0 = Release|ARM64
		{517FBD1C-CD0B-4379-9867-5BD7AD396CD7}.Release|x64.ActiveCfg = Release|x64
		{517FBD1C-CD0B-4379-9867-5BD7AD396CD7}.Release|x64.Build.0 = Release|x64
		{517FBD1C-CD0B-4379-9867-5BD7AD396CD7}.Release|x64.Deploy.0 = Release|x64
		{517FBD1C-CD0B-4379-9867-5BD7AD396CD7}.Release|x86.ActiveCfg = Release|x86
		{517FBD1C-CD0B-4379-9867-5BD7AD396CD7}.Release|x86.Build.0 = Release|x86
		{517FBD1C-CD0B-4379-9867-5BD7AD396CD7}.Release|x86.Deploy.0 = Release|x86
	EndGlobalSection
	GlobalSection(SolutionProperties) = preSolution
		HideSolutionNode = FALSE
	EndGlobalSection
	GlobalSection(ExtensibilityGlobals) = postSolution
		SolutionGuid = {C4629841-EC58-440E-954C-ED7843B2124B}
	EndGlobalSection
EndGlobal
